// !$*UTF8*$!
{
	archiveVersion = 1;
	classes = {
	};
	objectVersion = 50;
	objects = {

/* Begin PBXBuildFile section */
		A66E4FD7260861A800A60E75 /* AppDelegate.swift in Sources */ = {isa = PBXBuildFile; fileRef = A66E4FD6260861A800A60E75 /* AppDelegate.swift */; };
		A66E4FD9260861A800A60E75 /* SceneDelegate.swift in Sources */ = {isa = PBXBuildFile; fileRef = A66E4FD8260861A800A60E75 /* SceneDelegate.swift */; };
		A66E4FE1260861A800A60E75 /* Github_Users.xcdatamodeld in Sources */ = {isa = PBXBuildFile; fileRef = A66E4FDF260861A800A60E75 /* Github_Users.xcdatamodeld */; };
		A66E4FE3260861A800A60E75 /* Assets.xcassets in Resources */ = {isa = PBXBuildFile; fileRef = A66E4FE2260861A800A60E75 /* Assets.xcassets */; };
		A66E4FE6260861A800A60E75 /* LaunchScreen.storyboard in Resources */ = {isa = PBXBuildFile; fileRef = A66E4FE4260861A800A60E75 /* LaunchScreen.storyboard */; };
		A66E4FF42608626300A60E75 /* GithubUserListController.swift in Sources */ = {isa = PBXBuildFile; fileRef = A66E4FF32608626300A60E75 /* GithubUserListController.swift */; };
		A66E4FF9260862DF00A60E75 /* WebService.swift in Sources */ = {isa = PBXBuildFile; fileRef = A66E4FF8260862DF00A60E75 /* WebService.swift */; };
		A66E4FFE260865B900A60E75 /* ResponseGithubUser.swift in Sources */ = {isa = PBXBuildFile; fileRef = A66E4FFD260865B900A60E75 /* ResponseGithubUser.swift */; };
		A66E5001260867C600A60E75 /* PersistenceService.swift in Sources */ = {isa = PBXBuildFile; fileRef = A66E5000260867C600A60E75 /* PersistenceService.swift */; };
		A66E500626088C3000A60E75 /* GithubUserListViewModel.swift in Sources */ = {isa = PBXBuildFile; fileRef = A66E500526088C3000A60E75 /* GithubUserListViewModel.swift */; };
		A66E500B26088CEB00A60E75 /* GithubUserListTableViewCell.swift in Sources */ = {isa = PBXBuildFile; fileRef = A66E500A26088CEB00A60E75 /* GithubUserListTableViewCell.swift */; };
		A66E501126088D2800A60E75 /* UIView+Extensions.swift in Sources */ = {isa = PBXBuildFile; fileRef = A66E501026088D2800A60E75 /* UIView+Extensions.swift */; };
/* End PBXBuildFile section */

/* Begin PBXFileReference section */
		A66E4FD3260861A800A60E75 /* Github Users.app */ = {isa = PBXFileReference; explicitFileType = wrapper.application; includeInIndex = 0; path = "Github Users.app"; sourceTree = BUILT_PRODUCTS_DIR; };
		A66E4FD6260861A800A60E75 /* AppDelegate.swift */ = {isa = PBXFileReference; lastKnownFileType = sourcecode.swift; path = AppDelegate.swift; sourceTree = "<group>"; };
		A66E4FD8260861A800A60E75 /* SceneDelegate.swift */ = {isa = PBXFileReference; lastKnownFileType = sourcecode.swift; path = SceneDelegate.swift; sourceTree = "<group>"; };
		A66E4FE0260861A800A60E75 /* Github_Users.xcdatamodel */ = {isa = PBXFileReference; lastKnownFileType = wrapper.xcdatamodel; path = Github_Users.xcdatamodel; sourceTree = "<group>"; };
		A66E4FE2260861A800A60E75 /* Assets.xcassets */ = {isa = PBXFileReference; lastKnownFileType = folder.assetcatalog; path = Assets.xcassets; sourceTree = "<group>"; };
		A66E4FE5260861A800A60E75 /* Base */ = {isa = PBXFileReference; lastKnownFileType = file.storyboard; name = Base; path = Base.lproj/LaunchScreen.storyboard; sourceTree = "<group>"; };
		A66E4FE7260861A800A60E75 /* Info.plist */ = {isa = PBXFileReference; lastKnownFileType = text.plist.xml; path = Info.plist; sourceTree = "<group>"; };
		A66E4FF32608626300A60E75 /* GithubUserListController.swift */ = {isa = PBXFileReference; lastKnownFileType = sourcecode.swift; path = GithubUserListController.swift; sourceTree = "<group>"; };
		A66E4FF8260862DF00A60E75 /* WebService.swift */ = {isa = PBXFileReference; lastKnownFileType = sourcecode.swift; path = WebService.swift; sourceTree = "<group>"; };
		A66E4FFD260865B900A60E75 /* ResponseGithubUser.swift */ = {isa = PBXFileReference; lastKnownFileType = sourcecode.swift; path = ResponseGithubUser.swift; sourceTree = "<group>"; };
		A66E5000260867C600A60E75 /* PersistenceService.swift */ = {isa = PBXFileReference; lastKnownFileType = sourcecode.swift; path = PersistenceService.swift; sourceTree = "<group>"; };
		A66E500526088C3000A60E75 /* GithubUserListViewModel.swift */ = {isa = PBXFileReference; lastKnownFileType = sourcecode.swift; path = GithubUserListViewModel.swift; sourceTree = "<group>"; };
		A66E500A26088CEB00A60E75 /* GithubUserListTableViewCell.swift */ = {isa = PBXFileReference; lastKnownFileType = sourcecode.swift; path = GithubUserListTableViewCell.swift; sourceTree = "<group>"; };
		A66E501026088D2800A60E75 /* UIView+Extensions.swift */ = {isa = PBXFileReference; lastKnownFileType = sourcecode.swift; path = "UIView+Extensions.swift"; sourceTree = "<group>"; };
/* End PBXFileReference section */

/* Begin PBXFrameworksBuildPhase section */
		A66E4FD0260861A800A60E75 /* Frameworks */ = {
			isa = PBXFrameworksBuildPhase;
			buildActionMask = 2147483647;
			files = (
			);
			runOnlyForDeploymentPostprocessing = 0;
		};
/* End PBXFrameworksBuildPhase section */

/* Begin PBXGroup section */
		A66E4FCA260861A700A60E75 = {
			isa = PBXGroup;
			children = (
				A66E4FD5260861A800A60E75 /* Github Users */,
				A66E4FD4260861A800A60E75 /* Products */,
			);
			sourceTree = "<group>";
		};
		A66E4FD4260861A800A60E75 /* Products */ = {
			isa = PBXGroup;
			children = (
				A66E4FD3260861A800A60E75 /* Github Users.app */,
			);
			name = Products;
			sourceTree = "<group>";
		};
		A66E4FD5260861A800A60E75 /* Github Users */ = {
			isa = PBXGroup;
			children = (
				A66E500F26088D1B00A60E75 /* Extensions */,
				A66E500926088CDB00A60E75 /* Views */,
				A66E500426088C1A00A60E75 /* View Models */,
				A66E4FFC260865A700A60E75 /* Model */,
				A66E4FF7260862D300A60E75 /* Services */,
				A66E4FF12608624B00A60E75 /* Controllers */,
				A66E4FD6260861A800A60E75 /* AppDelegate.swift */,
				A66E4FD8260861A800A60E75 /* SceneDelegate.swift */,
				A66E4FE2260861A800A60E75 /* Assets.xcassets */,
				A66E4FE4260861A800A60E75 /* LaunchScreen.storyboard */,
				A66E4FE7260861A800A60E75 /* Info.plist */,
				A66E4FDF260861A800A60E75 /* Github_Users.xcdatamodeld */,
			);
			path = "Github Users";
			sourceTree = "<group>";
		};
		A66E4FF12608624B00A60E75 /* Controllers */ = {
			isa = PBXGroup;
			children = (
				A66E4FF32608626300A60E75 /* GithubUserListController.swift */,
			);
			path = Controllers;
			sourceTree = "<group>";
		};
		A66E4FF7260862D300A60E75 /* Services */ = {
			isa = PBXGroup;
			children = (
				A66E4FF8260862DF00A60E75 /* WebService.swift */,
				A66E5000260867C600A60E75 /* PersistenceService.swift */,
			);
			path = Services;
			sourceTree = "<group>";
		};
		A66E4FFC260865A700A60E75 /* Model */ = {
			isa = PBXGroup;
			children = (
				A66E4FFD260865B900A60E75 /* ResponseGithubUser.swift */,
			);
			path = Model;
			sourceTree = "<group>";
		};
		A66E500426088C1A00A60E75 /* View Models */ = {
			isa = PBXGroup;
			children = (
				A66E500526088C3000A60E75 /* GithubUserListViewModel.swift */,
			);
			path = "View Models";
			sourceTree = "<group>";
		};
		A66E500926088CDB00A60E75 /* Views */ = {
			isa = PBXGroup;
			children = (
				A66E500A26088CEB00A60E75 /* GithubUserListTableViewCell.swift */,
			);
			path = Views;
			sourceTree = "<group>";
		};
		A66E500F26088D1B00A60E75 /* Extensions */ = {
			isa = PBXGroup;
			children = (
				A66E501026088D2800A60E75 /* UIView+Extensions.swift */,
			);
			path = Extensions;
			sourceTree = "<group>";
		};
/* End PBXGroup section */

/* Begin PBXNativeTarget section */
		A66E4FD2260861A800A60E75 /* Github Users */ = {
			isa = PBXNativeTarget;
			buildConfigurationList = A66E4FEA260861A800A60E75 /* Build configuration list for PBXNativeTarget "Github Users" */;
			buildPhases = (
				A66E4FCF260861A800A60E75 /* Sources */,
				A66E4FD0260861A800A60E75 /* Frameworks */,
				A66E4FD1260861A800A60E75 /* Resources */,
			);
			buildRules = (
			);
			dependencies = (
			);
			name = "Github Users";
			productName = "Github Users";
			productReference = A66E4FD3260861A800A60E75 /* Github Users.app */;
			productType = "com.apple.product-type.application";
		};
/* End PBXNativeTarget section */

/* Begin PBXProject section */
		A66E4FCB260861A700A60E75 /* Project object */ = {
			isa = PBXProject;
			attributes = {
				LastSwiftUpdateCheck = 1240;
				LastUpgradeCheck = 1240;
				TargetAttributes = {
					A66E4FD2260861A800A60E75 = {
						CreatedOnToolsVersion = 12.4;
					};
				};
			};
			buildConfigurationList = A66E4FCE260861A700A60E75 /* Build configuration list for PBXProject "Github Users" */;
			compatibilityVersion = "Xcode 9.3";
			developmentRegion = en;
			hasScannedForEncodings = 0;
			knownRegions = (
				en,
				Base,
			);
			mainGroup = A66E4FCA260861A700A60E75;
			productRefGroup = A66E4FD4260861A800A60E75 /* Products */;
			projectDirPath = "";
			projectRoot = "";
			targets = (
				A66E4FD2260861A800A60E75 /* Github Users */,
			);
		};
/* End PBXProject section */

/* Begin PBXResourcesBuildPhase section */
		A66E4FD1260861A800A60E75 /* Resources */ = {
			isa = PBXResourcesBuildPhase;
			buildActionMask = 2147483647;
			files = (
				A66E4FE6260861A800A60E75 /* LaunchScreen.storyboard in Resources */,
				A66E4FE3260861A800A60E75 /* Assets.xcassets in Resources */,
			);
			runOnlyForDeploymentPostprocessing = 0;
		};
/* End PBXResourcesBuildPhase section */

/* Begin PBXSourcesBuildPhase section */
		A66E4FCF260861A800A60E75 /* Sources */ = {
			isa = PBXSourcesBuildPhase;
			buildActionMask = 2147483647;
			files = (
				A66E5001260867C600A60E75 /* PersistenceService.swift in Sources */,
				A66E4FFE260865B900A60E75 /* ResponseGithubUser.swift in Sources */,
				A66E501126088D2800A60E75 /* UIView+Extensions.swift in Sources */,
				A66E500626088C3000A60E75 /* GithubUserListViewModel.swift in Sources */,
				A66E4FE1260861A800A60E75 /* Github_Users.xcdatamodeld in Sources */,
				A66E4FD7260861A800A60E75 /* AppDelegate.swift in Sources */,
				A66E4FD9260861A800A60E75 /* SceneDelegate.swift in Sources */,
				A66E4FF9260862DF00A60E75 /* WebService.swift in Sources */,
				A66E500B26088CEB00A60E75 /* GithubUserListTableViewCell.swift in Sources */,
				A66E4FF42608626300A60E75 /* GithubUserListController.swift in Sources */,
			);
			runOnlyForDeploymentPostprocessing = 0;
		};
/* End PBXSourcesBuildPhase section */

/* Begin PBXVariantGroup section */
		A66E4FE4260861A800A60E75 /* LaunchScreen.storyboard */ = {
			isa = PBXVariantGroup;
			children = (
				A66E4FE5260861A800A60E75 /* Base */,
			);
			name = LaunchScreen.storyboard;
			sourceTree = "<group>";
		};
/* End PBXVariantGroup section */

/* Begin XCBuildConfiguration section */
		A66E4FE8260861A800A60E75 /* Debug */ = {
			isa = XCBuildConfiguration;
			buildSettings = {
				ALWAYS_SEARCH_USER_PATHS = NO;
				CLANG_ANALYZER_NONNULL = YES;
				CLANG_ANALYZER_NUMBER_OBJECT_CONVERSION = YES_AGGRESSIVE;
				CLANG_CXX_LANGUAGE_STANDARD = "gnu++14";
				CLANG_CXX_LIBRARY = "libc++";
				CLANG_ENABLE_MODULES = YES;
				CLANG_ENABLE_OBJC_ARC = YES;
				CLANG_ENABLE_OBJC_WEAK = YES;
				CLANG_WARN_BLOCK_CAPTURE_AUTORELEASING = YES;
				CLANG_WARN_BOOL_CONVERSION = YES;
				CLANG_WARN_COMMA = YES;
				CLANG_WARN_CONSTANT_CONVERSION = YES;
				CLANG_WARN_DEPRECATED_OBJC_IMPLEMENTATIONS = YES;
				CLANG_WARN_DIRECT_OBJC_ISA_USAGE = YES_ERROR;
				CLANG_WARN_DOCUMENTATION_COMMENTS = YES;
				CLANG_WARN_EMPTY_BODY = YES;
				CLANG_WARN_ENUM_CONVERSION = YES;
				CLANG_WARN_INFINITE_RECURSION = YES;
				CLANG_WARN_INT_CONVERSION = YES;
				CLANG_WARN_NON_LITERAL_NULL_CONVERSION = YES;
				CLANG_WARN_OBJC_IMPLICIT_RETAIN_SELF = YES;
				CLANG_WARN_OBJC_LITERAL_CONVERSION = YES;
				CLANG_WARN_OBJC_ROOT_CLASS = YES_ERROR;
				CLANG_WARN_QUOTED_INCLUDE_IN_FRAMEWORK_HEADER = YES;
				CLANG_WARN_RANGE_LOOP_ANALYSIS = YES;
				CLANG_WARN_STRICT_PROTOTYPES = YES;
				CLANG_WARN_SUSPICIOUS_MOVE = YES;
				CLANG_WARN_UNGUARDED_AVAILABILITY = YES_AGGRESSIVE;
				CLANG_WARN_UNREACHABLE_CODE = YES;
				CLANG_WARN__DUPLICATE_METHOD_MATCH = YES;
				COPY_PHASE_STRIP = NO;
				DEBUG_INFORMATION_FORMAT = dwarf;
				ENABLE_STRICT_OBJC_MSGSEND = YES;
				ENABLE_TESTABILITY = YES;
				GCC_C_LANGUAGE_STANDARD = gnu11;
				GCC_DYNAMIC_NO_PIC = NO;
				GCC_NO_COMMON_BLOCKS = YES;
				GCC_OPTIMIZATION_LEVEL = 0;
				GCC_PREPROCESSOR_DEFINITIONS = (
					"DEBUG=1",
					"$(inherited)",
				);
				GCC_WARN_64_TO_32_BIT_CONVERSION = YES;
				GCC_WARN_ABOUT_RETURN_TYPE = YES_ERROR;
				GCC_WARN_UNDECLARED_SELECTOR = YES;
				GCC_WARN_UNINITIALIZED_AUTOS = YES_AGGRESSIVE;
				GCC_WARN_UNUSED_FUNCTION = YES;
				GCC_WARN_UNUSED_VARIABLE = YES;
				IPHONEOS_DEPLOYMENT_TARGET = 14.4;
				MTL_ENABLE_DEBUG_INFO = INCLUDE_SOURCE;
				MTL_FAST_MATH = YES;
				ONLY_ACTIVE_ARCH = YES;
				SDKROOT = iphoneos;
				SWIFT_ACTIVE_COMPILATION_CONDITIONS = DEBUG;
				SWIFT_OPTIMIZATION_LEVEL = "-Onone";
			};
			name = Debug;
		};
		A66E4FE9260861A800A60E75 /* Release */ = {
			isa = XCBuildConfiguration;
			buildSettings = {
				ALWAYS_SEARCH_USER_PATHS = NO;
				CLANG_ANALYZER_NONNULL = YES;
				CLANG_ANALYZER_NUMBER_OBJECT_CONVERSION = YES_AGGRESSIVE;
				CLANG_CXX_LANGUAGE_STANDARD = "gnu++14";
				CLANG_CXX_LIBRARY = "libc++";
				CLANG_ENABLE_MODULES = YES;
				CLANG_ENABLE_OBJC_ARC = YES;
				CLANG_ENABLE_OBJC_WEAK = YES;
				CLANG_WARN_BLOCK_CAPTURE_AUTORELEASING = YES;
				CLANG_WARN_BOOL_CONVERSION = YES;
				CLANG_WARN_COMMA = YES;
				CLANG_WARN_CONSTANT_CONVERSION = YES;
				CLANG_WARN_DEPRECATED_OBJC_IMPLEMENTATIONS = YES;
				CLANG_WARN_DIRECT_OBJC_ISA_USAGE = YES_ERROR;
				CLANG_WARN_DOCUMENTATION_COMMENTS = YES;
				CLANG_WARN_EMPTY_BODY = YES;
				CLANG_WARN_ENUM_CONVERSION = YES;
				CLANG_WARN_INFINITE_RECURSION = YES;
				CLANG_WARN_INT_CONVERSION = YES;
				CLANG_WARN_NON_LITERAL_NULL_CONVERSION = YES;
				CLANG_WARN_OBJC_IMPLICIT_RETAIN_SELF = YES;
				CLANG_WARN_OBJC_LITERAL_CONVERSION = YES;
				CLANG_WARN_OBJC_ROOT_CLASS = YES_ERROR;
				CLANG_WARN_QUOTED_INCLUDE_IN_FRAMEWORK_HEADER = YES;
				CLANG_WARN_RANGE_LOOP_ANALYSIS = YES;
				CLANG_WARN_STRICT_PROTOTYPES = YES;
				CLANG_WARN_SUSPICIOUS_MOVE = YES;
				CLANG_WARN_UNGUARDED_AVAILABILITY = YES_AGGRESSIVE;
				CLANG_WARN_UNREACHABLE_CODE = YES;
				CLANG_WARN__DUPLICATE_METHOD_MATCH = YES;
				COPY_PHASE_STRIP = NO;
				DEBUG_INFORMATION_FORMAT = "dwarf-with-dsym";
				ENABLE_NS_ASSERTIONS = NO;
				ENABLE_STRICT_OBJC_MSGSEND = YES;
				GCC_C_LANGUAGE_STANDARD = gnu11;
				GCC_NO_COMMON_BLOCKS = YES;
				GCC_WARN_64_TO_32_BIT_CONVERSION = YES;
				GCC_WARN_ABOUT_RETURN_TYPE = YES_ERROR;
				GCC_WARN_UNDECLARED_SELECTOR = YES;
				GCC_WARN_UNINITIALIZED_AUTOS = YES_AGGRESSIVE;
				GCC_WARN_UNUSED_FUNCTION = YES;
				GCC_WARN_UNUSED_VARIABLE = YES;
				IPHONEOS_DEPLOYMENT_TARGET = 14.4;
				MTL_ENABLE_DEBUG_INFO = NO;
				MTL_FAST_MATH = YES;
				SDKROOT = iphoneos;
				SWIFT_COMPILATION_MODE = wholemodule;
				SWIFT_OPTIMIZATION_LEVEL = "-O";
				VALIDATE_PRODUCT = YES;
			};
			name = Release;
		};
		A66E4FEB260861A800A60E75 /* Debug */ = {
			isa = XCBuildConfiguration;
			buildSettings = {
				ASSETCATALOG_COMPILER_APPICON_NAME = AppIcon;
				ASSETCATALOG_COMPILER_GLOBAL_ACCENT_COLOR_NAME = AccentColor;
				CODE_SIGN_STYLE = Automatic;
				DEVELOPMENT_TEAM = T792HGNPDD;
				INFOPLIST_FILE = "Github Users/Info.plist";
				LD_RUNPATH_SEARCH_PATHS = (
					"$(inherited)",
					"@executable_path/Frameworks",
				);
				PRODUCT_BUNDLE_IDENTIFIER = "com.senducusin.Github-Users";
				PRODUCT_NAME = "$(TARGET_NAME)";
				SWIFT_VERSION = 5.0;
				TARGETED_DEVICE_FAMILY = "1,2";
			};
			name = Debug;
		};
		A66E4FEC260861A800A60E75 /* Release */ = {
			isa = XCBuildConfiguration;
			buildSettings = {
				ASSETCATALOG_COMPILER_APPICON_NAME = AppIcon;
				ASSETCATALOG_COMPILER_GLOBAL_ACCENT_COLOR_NAME = AccentColor;
				CODE_SIGN_STYLE = Automatic;
				DEVELOPMENT_TEAM = T792HGNPDD;
				INFOPLIST_FILE = "Github Users/Info.plist";
				LD_RUNPATH_SEARCH_PATHS = (
					"$(inherited)",
					"@executable_path/Frameworks",
				);
				PRODUCT_BUNDLE_IDENTIFIER = "com.senducusin.Github-Users";
				PRODUCT_NAME = "$(TARGET_NAME)";
				SWIFT_VERSION = 5.0;
				TARGETED_DEVICE_FAMILY = "1,2";
			};
			name = Release;
		};
/* End XCBuildConfiguration section */

/* Begin XCConfigurationList section */
		A66E4FCE260861A700A60E75 /* Build configuration list for PBXProject "Github Users" */ = {
			isa = XCConfigurationList;
			buildConfigurations = (
				A66E4FE8260861A800A60E75 /* Debug */,
				A66E4FE9260861A800A60E75 /* Release */,
			);
			defaultConfigurationIsVisible = 0;
			defaultConfigurationName = Release;
		};
		A66E4FEA260861A800A60E75 /* Build configuration list for PBXNativeTarget "Github Users" */ = {
			isa = XCConfigurationList;
			buildConfigurations = (
				A66E4FEB260861A800A60E75 /* Debug */,
				A66E4FEC260861A800A60E75 /* Release */,
			);
			defaultConfigurationIsVisible = 0;
			defaultConfigurationName = Release;
		};
/* End XCConfigurationList section */

/* Begin XCVersionGroup section */
		A66E4FDF260861A800A60E75 /* Github_Users.xcdatamodeld */ = {
			isa = XCVersionGroup;
			children = (
				A66E4FE0260861A800A60E75 /* Github_Users.xcdatamodel */,
			);
			currentVersion = A66E4FE0260861A800A60E75 /* Github_Users.xcdatamodel */;
			path = Github_Users.xcdatamodeld;
			sourceTree = "<group>";
			versionGroupType = wrapper.xcdatamodel;
		};
/* End XCVersionGroup section */
	};
	rootObject = A66E4FCB260861A700A60E75 /* Project object */;
}
